{
  "object": {
    "pins": [
      {
        "package": "CSV.swift",
        "repositoryURL": "https://github.com/yaslab/CSV.swift.git",
        "state": {
          "branch": null,
          "revision": "81d2874c51db364d7e1d71b0d99018a294c87ac1",
          "version": "2.4.3"
        }
      },
      {
        "package": "SigmaSwiftStatistics",
        "repositoryURL": "https://github.com/cekisakurek/SigmaSwiftStatistics.git",
        "state": {
          "branch": "master",
          "revision": "f7353825c3e569000aef0cf698b08210a81bfb89",
          "version": null
        }
      }
    ]
  },
  "version": 1
}
